// !$*UTF8*$!
{
	archiveVersion = 1;
	classes = {
	};
	objectVersion = 56;
	objects = {

/* Begin PBXBuildFile section */
		55716BD0290C627200CE39C6 /* CupcakeCorneriOSApp.swift in Sources */ = {isa = PBXBuildFile; fileRef = 55716BCF290C627200CE39C6 /* CupcakeCorneriOSApp.swift */; };
		55716BD2290C627200CE39C6 /* ContentView.swift in Sources */ = {isa = PBXBuildFile; fileRef = 55716BD1290C627200CE39C6 /* ContentView.swift */; };
		55716BD4290C627300CE39C6 /* Assets.xcassets in Resources */ = {isa = PBXBuildFile; fileRef = 55716BD3290C627300CE39C6 /* Assets.xcassets */; };
		55716BD7290C627300CE39C6 /* Preview Assets.xcassets in Resources */ = {isa = PBXBuildFile; fileRef = 55716BD6290C627300CE39C6 /* Preview Assets.xcassets */; };
		55716BDC290C6C1300CE39C6 /* AddressView.swift in Sources */ = {isa = PBXBuildFile; fileRef = 55716BDB290C6C1300CE39C6 /* AddressView.swift */; };
		55716BDE290C6D3C00CE39C6 /* CheckoutView.swift in Sources */ = {isa = PBXBuildFile; fileRef = 55716BDD290C6D3C00CE39C6 /* CheckoutView.swift */; };
		55716BE0290C6DC300CE39C6 /* Order.swift in Sources */ = {isa = PBXBuildFile; fileRef = 55716BDF290C6DC300CE39C6 /* Order.swift */; };
/* End PBXBuildFile section */

/* Begin PBXFileReference section */
		55716BBA290C5DFC00CE39C6 /* CupcakeCornerApp.swift */ = {isa = PBXFileReference; lastKnownFileType = sourcecode.swift; path = CupcakeCornerApp.swift; sourceTree = "<group>"; };
		55716BBC290C5DFC00CE39C6 /* ContentView.swift */ = {isa = PBXFileReference; lastKnownFileType = sourcecode.swift; path = ContentView.swift; sourceTree = "<group>"; };
		55716BBE290C5DFD00CE39C6 /* Assets.xcassets */ = {isa = PBXFileReference; lastKnownFileType = folder.assetcatalog; path = Assets.xcassets; sourceTree = "<group>"; };
		55716BC0290C5DFD00CE39C6 /* CupcakeCorner.entitlements */ = {isa = PBXFileReference; lastKnownFileType = text.plist.entitlements; path = CupcakeCorner.entitlements; sourceTree = "<group>"; };
		55716BC2290C5DFD00CE39C6 /* Preview Assets.xcassets */ = {isa = PBXFileReference; lastKnownFileType = folder.assetcatalog; path = "Preview Assets.xcassets"; sourceTree = "<group>"; };
		55716BCD290C627200CE39C6 /* CupcakeCorneriOS.app */ = {isa = PBXFileReference; explicitFileType = wrapper.application; includeInIndex = 0; path = CupcakeCorneriOS.app; sourceTree = BUILT_PRODUCTS_DIR; };
		55716BCF290C627200CE39C6 /* CupcakeCorneriOSApp.swift */ = {isa = PBXFileReference; lastKnownFileType = sourcecode.swift; path = CupcakeCorneriOSApp.swift; sourceTree = "<group>"; };
		55716BD1290C627200CE39C6 /* ContentView.swift */ = {isa = PBXFileReference; lastKnownFileType = sourcecode.swift; path = ContentView.swift; sourceTree = "<group>"; };
		55716BD3290C627300CE39C6 /* Assets.xcassets */ = {isa = PBXFileReference; lastKnownFileType = folder.assetcatalog; path = Assets.xcassets; sourceTree = "<group>"; };
		55716BD6290C627300CE39C6 /* Preview Assets.xcassets */ = {isa = PBXFileReference; lastKnownFileType = folder.assetcatalog; path = "Preview Assets.xcassets"; sourceTree = "<group>"; };
		55716BDB290C6C1300CE39C6 /* AddressView.swift */ = {isa = PBXFileReference; lastKnownFileType = sourcecode.swift; path = AddressView.swift; sourceTree = "<group>"; };
		55716BDD290C6D3C00CE39C6 /* CheckoutView.swift */ = {isa = PBXFileReference; lastKnownFileType = sourcecode.swift; path = CheckoutView.swift; sourceTree = "<group>"; };
		55716BDF290C6DC300CE39C6 /* Order.swift */ = {isa = PBXFileReference; lastKnownFileType = sourcecode.swift; path = Order.swift; sourceTree = "<group>"; };
/* End PBXFileReference section */

/* Begin PBXFrameworksBuildPhase section */
		55716BCA290C627200CE39C6 /* Frameworks */ = {
			isa = PBXFrameworksBuildPhase;
			buildActionMask = 2147483647;
			files = (
			);
			runOnlyForDeploymentPostprocessing = 0;
		};
/* End PBXFrameworksBuildPhase section */

/* Begin PBXGroup section */
		55716BAE290C5DFC00CE39C6 = {
			isa = PBXGroup;
			children = (
				55716BB9290C5DFC00CE39C6 /* CupcakeCorner */,
				55716BCE290C627200CE39C6 /* CupcakeCorneriOS */,
				55716BB8290C5DFC00CE39C6 /* Products */,
			);
			sourceTree = "<group>";
		};
		55716BB8290C5DFC00CE39C6 /* Products */ = {
			isa = PBXGroup;
			children = (
				55716BCD290C627200CE39C6 /* CupcakeCorneriOS.app */,
			);
			name = Products;
			sourceTree = "<group>";
		};
		55716BB9290C5DFC00CE39C6 /* CupcakeCorner */ = {
			isa = PBXGroup;
			children = (
				55716BBA290C5DFC00CE39C6 /* CupcakeCornerApp.swift */,
				55716BBC290C5DFC00CE39C6 /* ContentView.swift */,
				55716BBE290C5DFD00CE39C6 /* Assets.xcassets */,
				55716BC0290C5DFD00CE39C6 /* CupcakeCorner.entitlements */,
				55716BC1290C5DFD00CE39C6 /* Preview Content */,
			);
			path = CupcakeCorner;
			sourceTree = "<group>";
		};
		55716BC1290C5DFD00CE39C6 /* Preview Content */ = {
			isa = PBXGroup;
			children = (
				55716BC2290C5DFD00CE39C6 /* Preview Assets.xcassets */,
			);
			path = "Preview Content";
			sourceTree = "<group>";
		};
		55716BCE290C627200CE39C6 /* CupcakeCorneriOS */ = {
			isa = PBXGroup;
			children = (
				55716BCF290C627200CE39C6 /* CupcakeCorneriOSApp.swift */,
				55716BD1290C627200CE39C6 /* ContentView.swift */,
				55716BDF290C6DC300CE39C6 /* Order.swift */,
				55716BDB290C6C1300CE39C6 /* AddressView.swift */,
				55716BDD290C6D3C00CE39C6 /* CheckoutView.swift */,
				55716BD3290C627300CE39C6 /* Assets.xcassets */,
				55716BD5290C627300CE39C6 /* Preview Content */,
			);
			path = CupcakeCorneriOS;
			sourceTree = "<group>";
		};
		55716BD5290C627300CE39C6 /* Preview Content */ = {
			isa = PBXGroup;
			children = (
				55716BD6290C627300CE39C6 /* Preview Assets.xcassets */,
			);
			path = "Preview Content";
			sourceTree = "<group>";
		};
/* End PBXGroup section */

/* Begin PBXNativeTarget section */
		55716BCC290C627200CE39C6 /* CupcakeCorneriOS */ = {
			isa = PBXNativeTarget;
			buildConfigurationList = 55716BD8290C627300CE39C6 /* Build configuration list for PBXNativeTarget "CupcakeCorneriOS" */;
			buildPhases = (
				55716BC9290C627200CE39C6 /* Sources */,
				55716BCA290C627200CE39C6 /* Frameworks */,
				55716BCB290C627200CE39C6 /* Resources */,
			);
			buildRules = (
			);
			dependencies = (
			);
			name = CupcakeCorneriOS;
			productName = CupcakeCorneriOS;
			productReference = 55716BCD290C627200CE39C6 /* CupcakeCorneriOS.app */;
			productType = "com.apple.product-type.application";
		};
/* End PBXNativeTarget section */

/* Begin PBXProject section */
		55716BAF290C5DFC00CE39C6 /* Project object */ = {
			isa = PBXProject;
			attributes = {
				BuildIndependentTargetsInParallel = 1;
				LastSwiftUpdateCheck = 1400;
				LastUpgradeCheck = 1400;
				TargetAttributes = {
					55716BCC290C627200CE39C6 = {
						CreatedOnToolsVersion = 14.0.1;
					};
				};
			};
			buildConfigurationList = 55716BB2290C5DFC00CE39C6 /* Build configuration list for PBXProject "CupcakeCorner" */;
			compatibilityVersion = "Xcode 14.0";
			developmentRegion = en;
			hasScannedForEncodings = 0;
			knownRegions = (
				en,
				Base,
			);
			mainGroup = 55716BAE290C5DFC00CE39C6;
			productRefGroup = 55716BB8290C5DFC00CE39C6 /* Products */;
			projectDirPath = "";
			projectRoot = "";
			targets = (
				55716BCC290C627200CE39C6 /* CupcakeCorneriOS */,
			);
		};
/* End PBXProject section */

/* Begin PBXResourcesBuildPhase section */
		55716BCB290C627200CE39C6 /* Resources */ = {
			isa = PBXResourcesBuildPhase;
			buildActionMask = 2147483647;
			files = (
				55716BD7290C627300CE39C6 /* Preview Assets.xcassets in Resources */,
				55716BD4290C627300CE39C6 /* Assets.xcassets in Resources */,
			);
			runOnlyForDeploymentPostprocessing = 0;
		};
/* End PBXResourcesBuildPhase section */

/* Begin PBXSourcesBuildPhase section */
		55716BC9290C627200CE39C6 /* Sources */ = {
			isa = PBXSourcesBuildPhase;
			buildActionMask = 2147483647;
			files = (
				55716BD2290C627200CE39C6 /* ContentView.swift in Sources */,
				55716BD0290C627200CE39C6 /* CupcakeCorneriOSApp.swift in Sources */,
				55716BE0290C6DC300CE39C6 /* Order.swift in Sources */,
				55716BDE290C6D3C00CE39C6 /* CheckoutView.swift in Sources */,
				55716BDC290C6C1300CE39C6 /* AddressView.swift in Sources */,
			);
			runOnlyForDeploymentPostprocessing = 0;
		};
/* End PBXSourcesBuildPhase section */

/* Begin XCBuildConfiguration section */
		55716BC4290C5DFD00CE39C6 /* Debug */ = {
			isa = XCBuildConfiguration;
			buildSettings = {
				ALWAYS_SEARCH_USER_PATHS = NO;
				CLANG_ANALYZER_NONNULL = YES;
				CLANG_ANALYZER_NUMBER_OBJECT_CONVERSION = YES_AGGRESSIVE;
				CLANG_CXX_LANGUAGE_STANDARD = "gnu++20";
				CLANG_ENABLE_MODULES = YES;
				CLANG_ENABLE_OBJC_ARC = YES;
				CLANG_ENABLE_OBJC_WEAK = YES;
				CLANG_WARN_BLOCK_CAPTURE_AUTORELEASING = YES;
				CLANG_WARN_BOOL_CONVERSION = YES;
				CLANG_WARN_COMMA = YES;
				CLANG_WARN_CONSTANT_CONVERSION = YES;
				CLANG_WARN_DEPRECATED_OBJC_IMPLEMENTATIONS = YES;
				CLANG_WARN_DIRECT_OBJC_ISA_USAGE = YES_ERROR;
				CLANG_WARN_DOCUMENTATION_COMMENTS = YES;
				CLANG_WARN_EMPTY_BODY = YES;
				CLANG_WARN_ENUM_CONVERSION = YES;
				CLANG_WARN_INFINITE_RECURSION = YES;
				CLANG_WARN_INT_CONVERSION = YES;
				CLANG_WARN_NON_LITERAL_NULL_CONVERSION = YES;
				CLANG_WARN_OBJC_IMPLICIT_RETAIN_SELF = YES;
				CLANG_WARN_OBJC_LITERAL_CONVERSION = YES;
				CLANG_WARN_OBJC_ROOT_CLASS = YES_ERROR;
				CLANG_WARN_QUOTED_INCLUDE_IN_FRAMEWORK_HEADER = YES;
				CLANG_WARN_RANGE_LOOP_ANALYSIS = YES;
				CLANG_WARN_STRICT_PROTOTYPES = YES;
				CLANG_WARN_SUSPICIOUS_MOVE = YES;
				CLANG_WARN_UNGUARDED_AVAILABILITY = YES_AGGRESSIVE;
				CLANG_WARN_UNREACHABLE_CODE = YES;
				CLANG_WARN__DUPLICATE_METHOD_MATCH = YES;
				COPY_PHASE_STRIP = NO;
				DEBUG_INFORMATION_FORMAT = dwarf;
				ENABLE_STRICT_OBJC_MSGSEND = YES;
				ENABLE_TESTABILITY = YES;
				GCC_C_LANGUAGE_STANDARD = gnu11;
				GCC_DYNAMIC_NO_PIC = NO;
				GCC_NO_COMMON_BLOCKS = YES;
				GCC_OPTIMIZATION_LEVEL = 0;
				GCC_PREPROCESSOR_DEFINITIONS = (
					"DEBUG=1",
					"$(inherited)",
				);
				GCC_WARN_64_TO_32_BIT_CONVERSION = YES;
				GCC_WARN_ABOUT_RETURN_TYPE = YES_ERROR;
				GCC_WARN_UNDECLARED_SELECTOR = YES;
				GCC_WARN_UNINITIALIZED_AUTOS = YES_AGGRESSIVE;
				GCC_WARN_UNUSED_FUNCTION = YES;
				GCC_WARN_UNUSED_VARIABLE = YES;
				MTL_ENABLE_DEBUG_INFO = INCLUDE_SOURCE;
				MTL_FAST_MATH = YES;
				ONLY_ACTIVE_ARCH = YES;
				SWIFT_ACTIVE_COMPILATION_CONDITIONS = DEBUG;
				SWIFT_OPTIMIZATION_LEVEL = "-Onone";
			};
			name = Debug;
		};
		55716BC5290C5DFD00CE39C6 /* Release */ = {
			isa = XCBuildConfiguration;
			buildSettings = {
				ALWAYS_SEARCH_USER_PATHS = NO;
				CLANG_ANALYZER_NONNULL = YES;
				CLANG_ANALYZER_NUMBER_OBJECT_CONVERSION = YES_AGGRESSIVE;
				CLANG_CXX_LANGUAGE_STANDARD = "gnu++20";
				CLANG_ENABLE_MODULES = YES;
				CLANG_ENABLE_OBJC_ARC = YES;
				CLANG_ENABLE_OBJC_WEAK = YES;
				CLANG_WARN_BLOCK_CAPTURE_AUTORELEASING = YES;
				CLANG_WARN_BOOL_CONVERSION = YES;
				CLANG_WARN_COMMA = YES;
				CLANG_WARN_CONSTANT_CONVERSION = YES;
				CLANG_WARN_DEPRECATED_OBJC_IMPLEMENTATIONS = YES;
				CLANG_WARN_DIRECT_OBJC_ISA_USAGE = YES_ERROR;
				CLANG_WARN_DOCUMENTATION_COMMENTS = YES;
				CLANG_WARN_EMPTY_BODY = YES;
				CLANG_WARN_ENUM_CONVERSION = YES;
				CLANG_WARN_INFINITE_RECURSION = YES;
				CLANG_WARN_INT_CONVERSION = YES;
				CLANG_WARN_NON_LITERAL_NULL_CONVERSION = YES;
				CLANG_WARN_OBJC_IMPLICIT_RETAIN_SELF = YES;
				CLANG_WARN_OBJC_LITERAL_CONVERSION = YES;
				CLANG_WARN_OBJC_ROOT_CLASS = YES_ERROR;
				CLANG_WARN_QUOTED_INCLUDE_IN_FRAMEWORK_HEADER = YES;
				CLANG_WARN_RANGE_LOOP_ANALYSIS = YES;
				CLANG_WARN_STRICT_PROTOTYPES = YES;
				CLANG_WARN_SUSPICIOUS_MOVE = YES;
				CLANG_WARN_UNGUARDED_AVAILABILITY = YES_AGGRESSIVE;
				CLANG_WARN_UNREACHABLE_CODE = YES;
				CLANG_WARN__DUPLICATE_METHOD_MATCH = YES;
				COPY_PHASE_STRIP = NO;
				DEBUG_INFORMATION_FORMAT = "dwarf-with-dsym";
				ENABLE_NS_ASSERTIONS = NO;
				ENABLE_STRICT_OBJC_MSGSEND = YES;
				GCC_C_LANGUAGE_STANDARD = gnu11;
				GCC_NO_COMMON_BLOCKS = YES;
				GCC_WARN_64_TO_32_BIT_CONVERSION = YES;
				GCC_WARN_ABOUT_RETURN_TYPE = YES_ERROR;
				GCC_WARN_UNDECLARED_SELECTOR = YES;
				GCC_WARN_UNINITIALIZED_AUTOS = YES_AGGRESSIVE;
				GCC_WARN_UNUSED_FUNCTION = YES;
				GCC_WARN_UNUSED_VARIABLE = YES;
				MTL_ENABLE_DEBUG_INFO = NO;
				MTL_FAST_MATH = YES;
				SWIFT_COMPILATION_MODE = wholemodule;
				SWIFT_OPTIMIZATION_LEVEL = "-O";
			};
			name = Release;
		};
		55716BD9290C627300CE39C6 /* Debug */ = {
			isa = XCBuildConfiguration;
			buildSettings = {
				ASSETCATALOG_COMPILER_APPICON_NAME = AppIcon;
				ASSETCATALOG_COMPILER_GLOBAL_ACCENT_COLOR_NAME = AccentColor;
				CODE_SIGN_STYLE = Automatic;
				CURRENT_PROJECT_VERSION = 1;
				DEVELOPMENT_ASSET_PATHS = "\"CupcakeCorneriOS/Preview Content\"";
				DEVELOPMENT_TEAM = QZH5V5NV5D;
				ENABLE_PREVIEWS = YES;
				GENERATE_INFOPLIST_FILE = YES;
				INFOPLIST_KEY_UIApplicationSceneManifest_Generation = YES;
				INFOPLIST_KEY_UIApplicationSupportsIndirectInputEvents = YES;
				INFOPLIST_KEY_UILaunchScreen_Generation = YES;
				INFOPLIST_KEY_UISupportedInterfaceOrientations_iPad = "UIInterfaceOrientationPortrait UIInterfaceOrientationPortraitUpsideDown UIInterfaceOrientationLandscapeLeft UIInterfaceOrientationLandscapeRight";
				INFOPLIST_KEY_UISupportedInterfaceOrientations_iPhone = "UIInterfaceOrientationPortrait UIInterfaceOrientationLandscapeLeft UIInterfaceOrientationLandscapeRight";
				IPHONEOS_DEPLOYMENT_TARGET = 16.0;
				LD_RUNPATH_SEARCH_PATHS = (
					"$(inherited)",
					"@executable_path/Frameworks",
				);
				MARKETING_VERSION = 1.0;
				PRODUCT_BUNDLE_IDENTIFIER = com.minimascientific.CupcakeCorneriOS;
				PRODUCT_NAME = "$(TARGET_NAME)";
				SDKROOT = iphoneos;
				SWIFT_EMIT_LOC_STRINGS = YES;
				SWIFT_VERSION = 5.0;
				TARGETED_DEVICE_FAMILY = "1,2";
			};
			name = Debug;
		};
		55716BDA290C627300CE39C6 /* Release */ = {
			isa = XCBuildConfiguration;
			buildSettings = {
				ASSETCATALOG_COMPILER_APPICON_NAME = AppIcon;
				ASSETCATALOG_COMPILER_GLOBAL_ACCENT_COLOR_NAME = AccentColor;
				CODE_SIGN_STYLE = Automatic;
				CURRENT_PROJECT_VERSION = 1;
				DEVELOPMENT_ASSET_PATHS = "\"CupcakeCorneriOS/Preview Content\"";
				DEVELOPMENT_TEAM = QZH5V5NV5D;
				ENABLE_PREVIEWS = YES;
				GENERATE_INFOPLIST_FILE = YES;
				INFOPLIST_KEY_UIApplicationSceneManifest_Generation = YES;
				INFOPLIST_KEY_UIApplicationSupportsIndirectInputEvents = YES;
				INFOPLIST_KEY_UILaunchScreen_Generation = YES;
				INFOPLIST_KEY_UISupportedInterfaceOrientations_iPad = "UIInterfaceOrientationPortrait UIInterfaceOrientationPortraitUpsideDown UIInterfaceOrientationLandscapeLeft UIInterfaceOrientationLandscapeRight";
				INFOPLIST_KEY_UISupportedInterfaceOrientations_iPhone = "UIInterfaceOrientationPortrait UIInterfaceOrientationLandscapeLeft UIInterfaceOrientationLandscapeRight";
				IPHONEOS_DEPLOYMENT_TARGET = 16.0;
				LD_RUNPATH_SEARCH_PATHS = (
					"$(inherited)",
					"@executable_path/Frameworks",
				);
				MARKETING_VERSION = 1.0;
				PRODUCT_BUNDLE_IDENTIFIER = com.minimascientific.CupcakeCorneriOS;
				PRODUCT_NAME = "$(TARGET_NAME)";
				SDKROOT = iphoneos;
				SWIFT_EMIT_LOC_STRINGS = YES;
				SWIFT_VERSION = 5.0;
				TARGETED_DEVICE_FAMILY = "1,2";
				VALIDATE_PRODUCT = YES;
			};
			name = Release;
		};
/* End XCBuildConfiguration section */

/* Begin XCConfigurationList section */
		55716BB2290C5DFC00CE39C6 /* Build configuration list for PBXProject "CupcakeCorner" */ = {
			isa = XCConfigurationList;
			buildConfigurations = (
				55716BC4290C5DFD00CE39C6 /* Debug */,
				55716BC5290C5DFD00CE39C6 /* Release */,
			);
			defaultConfigurationIsVisible = 0;
			defaultConfigurationName = Release;
		};
		55716BD8290C627300CE39C6 /* Build configuration list for PBXNativeTarget "CupcakeCorneriOS" */ = {
			isa = XCConfigurationList;
			buildConfigurations = (
				55716BD9290C627300CE39C6 /* Debug */,
				55716BDA290C627300CE39C6 /* Release */,
			);
			defaultConfigurationIsVisible = 0;
			defaultConfigurationName = Release;
		};
/* End XCConfigurationList section */
	};
	rootObject = 55716BAF290C5DFC00CE39C6 /* Project object */;
}
